
Microsoft Visual Studio Solution File, Format Version 12.00
# Visual Studio 15
VisualStudioVersion = 15.0.28307.329
MinimumVisualStudioVersion = 10.0.40219.1
Project("{FAE04EC0-301F-11D3-BF4B-00C04F79EFBC}") = "Puzzles.Console", "Puzzles.Console\Puzzles.Console.csproj", "{EA0E5716-749F-4AA8-9F34-275F46491535}"
EndProject
Project("{FAE04EC0-301F-11D3-BF4B-00C04F79EFBC}") = "Puzzles.StringLib", "Puzzles.StringLib\Puzzles.StringLib.csproj", "{0B1FA20D-77E8-4B72-8A04-E3887A521353}"
EndProject
Project("{FAE04EC0-301F-11D3-BF4B-00C04F79EFBC}") = "DuplicatNuber", "DuplicatNuber\DuplicatNuber.csproj", "{56B76B80-3AC6-4549-B83C-B76EF209C13B}"
EndProject
Global
	GlobalSection(SolutionConfigurationPlatforms) = preSolution
		Debug|Any CPU = Debug|Any CPU
		Release|Any CPU = Release|Any CPU
	EndGlobalSection
	GlobalSection(ProjectConfigurationPlatforms) = postSolution
		{EA0E5716-749F-4AA8-9F34-275F46491535}.Debug|Any CPU.ActiveCfg = Debug|Any CPU
		{EA0E5716-749F-4AA8-9F34-275F46491535}.Debug|Any CPU.Build.0 = Debug|Any CPU
		{EA0E5716-749F-4AA8-9F34-275F46491535}.Release|Any CPU.ActiveCfg = Release|Any CPU
		{EA0E5716-749F-4AA8-9F34-275F46491535}.Release|Any CPU.Build.0 = Release|Any CPU
		{0B1FA20D-77E8-4B72-8A04-E3887A521353}.Debug|Any CPU.ActiveCfg = Debug|Any CPU
		{0B1FA20D-77E8-4B72-8A04-E3887A521353}.Debug|Any CPU.Build.0 = Debug|Any CPU
		{0B1FA20D-77E8-4B72-8A04-E3887A521353}.Release|Any CPU.ActiveCfg = Release|Any CPU
		{0B1FA20D-77E8-4B72-8A04-E3887A521353}.Release|Any CPU.Build.0 = Release|Any CPU
		{56B76B80-3AC6-4549-B83C-B76EF209C13B}.Debug|Any CPU.ActiveCfg = Debug|Any CPU
		{56B76B80-3AC6-4549-B83C-B76EF209C13B}.Debug|Any CPU.Build.0 = Debug|Any CPU
		{56B76B80-3AC6-4549-B83C-B76EF209C13B}.Release|Any CPU.ActiveCfg = Release|Any CPU
		{56B76B80-3AC6-4549-B83C-B76EF209C13B}.Release|Any CPU.Build.0 = Release|Any CPU
	EndGlobalSection
	GlobalSection(SolutionProperties) = preSolution
		HideSolutionNode = FALSE
	EndGlobalSection
	GlobalSection(ExtensibilityGlobals) = postSolution
		SolutionGuid = {13397525-3B2F-4338-A7BA-EFC464B0FAF3}
	EndGlobalSection
EndGlobal
